
Microsoft Visual Studio Solution File, Format Version 12.00
# Visual Studio 15
VisualStudioVersion = 15.0.28307.168
MinimumVisualStudioVersion = 10.0.40219.1
Project("{2150E333-8FDC-42A3-9474-1A3956D46DE8}") = "Model", "Model", "{F3D14B8C-D82A-4809-AE60-FAF896D4B174}"
EndProject
Project("{2150E333-8FDC-42A3-9474-1A3956D46DE8}") = "Web", "Web", "{C7A77393-DDAA-472D-A2C8-52E7D91295E1}"
EndProject
Project("{2150E333-8FDC-42A3-9474-1A3956D46DE8}") = "Data", "Data", "{2A41A313-E9DE-4E78-AC04-CFE88F7F586D}"
EndProject
Project("{2150E333-8FDC-42A3-9474-1A3956D46DE8}") = "Tests", "Tests", "{EFE67E4E-5A51-410B-A95A-A436B26DA86B}"
EndProject
Project("{9A19103F-16F7-4668-BE54-9A1E7A4F7556}") = "WebApi", "WebApi\WebApi.csproj", "{C617B3DA-7EFC-405E-A75A-C89EB956B55F}"
EndProject
Project("{9A19103F-16F7-4668-BE54-9A1E7A4F7556}") = "D1.Data", "D1.Data\D1.Data.csproj", "{6A3FD267-9051-439B-BF0F-082A6C034C5F}"
EndProject
Project("{9A19103F-16F7-4668-BE54-9A1E7A4F7556}") = "D1.Model", "D1.Model\D1.Model.csproj", "{7107BCC4-4126-4E5D-85F1-751319CCB2A7}"
EndProject
Project("{2150E333-8FDC-42A3-9474-1A3956D46DE8}") = "UnitTests", "UnitTests", "{28BA5C68-7506-4C49-AB28-3E1A185C75F3}"
EndProject
Project("{2150E333-8FDC-42A3-9474-1A3956D46DE8}") = "IntegrationTests", "IntegrationTests", "{131F15E2-1609-459C-800D-B6C5858D9E00}"
EndProject
Project("{FAE04EC0-301F-11D3-BF4B-00C04F79EFBC}") = "D1.UnitTests.WebApi", "D1.UnitTests.WebApi\D1.UnitTests.WebApi.csproj", "{778B2F54-2A66-43E2-B996-25F4F0DA467C}"
EndProject
Project("{FAE04EC0-301F-11D3-BF4B-00C04F79EFBC}") = "D1.IntegrationTests.WebApi", "D1.IntegrationTests.WebApi\D1.IntegrationTests.WebApi.csproj", "{C7601826-978D-43DF-BBB7-4668CEDE4CEE}"
EndProject
Global
	GlobalSection(SolutionConfigurationPlatforms) = preSolution
		Debug|Any CPU = Debug|Any CPU
		Release|Any CPU = Release|Any CPU
	EndGlobalSection
	GlobalSection(ProjectConfigurationPlatforms) = postSolution
		{C617B3DA-7EFC-405E-A75A-C89EB956B55F}.Debug|Any CPU.ActiveCfg = Debug|Any CPU
		{C617B3DA-7EFC-405E-A75A-C89EB956B55F}.Debug|Any CPU.Build.0 = Debug|Any CPU
		{C617B3DA-7EFC-405E-A75A-C89EB956B55F}.Release|Any CPU.ActiveCfg = Release|Any CPU
		{C617B3DA-7EFC-405E-A75A-C89EB956B55F}.Release|Any CPU.Build.0 = Release|Any CPU
		{6A3FD267-9051-439B-BF0F-082A6C034C5F}.Debug|Any CPU.ActiveCfg = Debug|Any CPU
		{6A3FD267-9051-439B-BF0F-082A6C034C5F}.Debug|Any CPU.Build.0 = Debug|Any CPU
		{6A3FD267-9051-439B-BF0F-082A6C034C5F}.Release|Any CPU.ActiveCfg = Release|Any CPU
		{6A3FD267-9051-439B-BF0F-082A6C034C5F}.Release|Any CPU.Build.0 = Release|Any CPU
		{7107BCC4-4126-4E5D-85F1-751319CCB2A7}.Debug|Any CPU.ActiveCfg = Debug|Any CPU
		{7107BCC4-4126-4E5D-85F1-751319CCB2A7}.Debug|Any CPU.Build.0 = Debug|Any CPU
		{7107BCC4-4126-4E5D-85F1-751319CCB2A7}.Release|Any CPU.ActiveCfg = Release|Any CPU
		{7107BCC4-4126-4E5D-85F1-751319CCB2A7}.Release|Any CPU.Build.0 = Release|Any CPU
		{778B2F54-2A66-43E2-B996-25F4F0DA467C}.Debug|Any CPU.ActiveCfg = Debug|Any CPU
		{778B2F54-2A66-43E2-B996-25F4F0DA467C}.Debug|Any CPU.Build.0 = Debug|Any CPU
		{778B2F54-2A66-43E2-B996-25F4F0DA467C}.Release|Any CPU.ActiveCfg = Release|Any CPU
		{778B2F54-2A66-43E2-B996-25F4F0DA467C}.Release|Any CPU.Build.0 = Release|Any CPU
		{C7601826-978D-43DF-BBB7-4668CEDE4CEE}.Debug|Any CPU.ActiveCfg = Debug|Any CPU
		{C7601826-978D-43DF-BBB7-4668CEDE4CEE}.Debug|Any CPU.Build.0 = Debug|Any CPU
		{C7601826-978D-43DF-BBB7-4668CEDE4CEE}.Release|Any CPU.ActiveCfg = Release|Any CPU
		{C7601826-978D-43DF-BBB7-4668CEDE4CEE}.Release|Any CPU.Build.0 = Release|Any CPU
	EndGlobalSection
	GlobalSection(SolutionProperties) = preSolution
		HideSolutionNode = FALSE
	EndGlobalSection
	GlobalSection(NestedProjects) = preSolution
		{C617B3DA-7EFC-405E-A75A-C89EB956B55F} = {C7A77393-DDAA-472D-A2C8-52E7D91295E1}
		{6A3FD267-9051-439B-BF0F-082A6C034C5F} = {2A41A313-E9DE-4E78-AC04-CFE88F7F586D}
		{7107BCC4-4126-4E5D-85F1-751319CCB2A7} = {F3D14B8C-D82A-4809-AE60-FAF896D4B174}
		{28BA5C68-7506-4C49-AB28-3E1A185C75F3} = {EFE67E4E-5A51-410B-A95A-A436B26DA86B}
		{131F15E2-1609-459C-800D-B6C5858D9E00} = {EFE67E4E-5A51-410B-A95A-A436B26DA86B}
		{778B2F54-2A66-43E2-B996-25F4F0DA467C} = {28BA5C68-7506-4C49-AB28-3E1A185C75F3}
		{C7601826-978D-43DF-BBB7-4668CEDE4CEE} = {131F15E2-1609-459C-800D-B6C5858D9E00}
	EndGlobalSection
	GlobalSection(ExtensibilityGlobals) = postSolution
		SolutionGuid = {C775C969-31C5-4B46-BEAB-D24C1F678F9B}
	EndGlobalSection
EndGlobal
